// !$*UTF8*$!
{
	archiveVersion = 1;
	classes = {
	};
	objectVersion = 48;
	objects = {

/* Begin PBXBuildFile section */
		013B19BE2190D88000BC7C73 /* AboutAuthorViewController.swift in Sources */ = {isa = PBXBuildFile; fileRef = 013B19BD2190D88000BC7C73 /* AboutAuthorViewController.swift */; };
		014E1074213CA7A400F46992 /* AppDelegate.swift in Sources */ = {isa = PBXBuildFile; fileRef = 014E1073213CA7A400F46992 /* AppDelegate.swift */; };
		014E1076213CA7A400F46992 /* ViewController.swift in Sources */ = {isa = PBXBuildFile; fileRef = 014E1075213CA7A400F46992 /* ViewController.swift */; };
		014E1079213CA7A400F46992 /* Main.storyboard in Resources */ = {isa = PBXBuildFile; fileRef = 014E1077213CA7A400F46992 /* Main.storyboard */; };
		014E107B213CA7A400F46992 /* Assets.xcassets in Resources */ = {isa = PBXBuildFile; fileRef = 014E107A213CA7A400F46992 /* Assets.xcassets */; };
		014E107E213CA7A400F46992 /* LaunchScreen.storyboard in Resources */ = {isa = PBXBuildFile; fileRef = 014E107C213CA7A400F46992 /* LaunchScreen.storyboard */; };
		0177BD4F218ED3C200045609 /* AboutViewController.swift in Sources */ = {isa = PBXBuildFile; fileRef = 0177BD4E218ED3C200045609 /* AboutViewController.swift */; };
/* End PBXBuildFile section */

/* Begin PBXFileReference section */
		013B19BD2190D88000BC7C73 /* AboutAuthorViewController.swift */ = {isa = PBXFileReference; lastKnownFileType = sourcecode.swift; path = AboutAuthorViewController.swift; sourceTree = "<group>"; };
		014E1070213CA7A400F46992 /* Hit Me.app */ = {isa = PBXFileReference; explicitFileType = wrapper.application; includeInIndex = 0; path = "Hit Me.app"; sourceTree = BUILT_PRODUCTS_DIR; };
		014E1073213CA7A400F46992 /* AppDelegate.swift */ = {isa = PBXFileReference; lastKnownFileType = sourcecode.swift; path = AppDelegate.swift; sourceTree = "<group>"; };
		014E1075213CA7A400F46992 /* ViewController.swift */ = {isa = PBXFileReference; lastKnownFileType = sourcecode.swift; path = ViewController.swift; sourceTree = "<group>"; };
		014E1078213CA7A400F46992 /* Base */ = {isa = PBXFileReference; lastKnownFileType = file.storyboard; name = Base; path = Base.lproj/Main.storyboard; sourceTree = "<group>"; };
		014E107A213CA7A400F46992 /* Assets.xcassets */ = {isa = PBXFileReference; lastKnownFileType = folder.assetcatalog; path = Assets.xcassets; sourceTree = "<group>"; };
		014E107D213CA7A400F46992 /* Base */ = {isa = PBXFileReference; lastKnownFileType = file.storyboard; name = Base; path = Base.lproj/LaunchScreen.storyboard; sourceTree = "<group>"; };
		014E107F213CA7A400F46992 /* Info.plist */ = {isa = PBXFileReference; lastKnownFileType = text.plist.xml; path = Info.plist; sourceTree = "<group>"; };
		0177BD4E218ED3C200045609 /* AboutViewController.swift */ = {isa = PBXFileReference; lastKnownFileType = sourcecode.swift; path = AboutViewController.swift; sourceTree = "<group>"; };
/* End PBXFileReference section */

/* Begin PBXFrameworksBuildPhase section */
		014E106D213CA7A400F46992 /* Frameworks */ = {
			isa = PBXFrameworksBuildPhase;
			buildActionMask = 2147483647;
			files = (
			);
			runOnlyForDeploymentPostprocessing = 0;
		};
/* End PBXFrameworksBuildPhase section */

/* Begin PBXGroup section */
		014E1067213CA7A400F46992 = {
			isa = PBXGroup;
			children = (
				014E1072213CA7A400F46992 /* Hit Me */,
				014E1071213CA7A400F46992 /* Products */,
			);
			sourceTree = "<group>";
		};
		014E1071213CA7A400F46992 /* Products */ = {
			isa = PBXGroup;
			children = (
				014E1070213CA7A400F46992 /* Hit Me.app */,
			);
			name = Products;
			sourceTree = "<group>";
		};
		014E1072213CA7A400F46992 /* Hit Me */ = {
			isa = PBXGroup;
			children = (
				014E1073213CA7A400F46992 /* AppDelegate.swift */,
				014E1075213CA7A400F46992 /* ViewController.swift */,
				0177BD4E218ED3C200045609 /* AboutViewController.swift */,
				014E1077213CA7A400F46992 /* Main.storyboard */,
				013B19BD2190D88000BC7C73 /* AboutAuthorViewController.swift */,
				014E107A213CA7A400F46992 /* Assets.xcassets */,
				014E107C213CA7A400F46992 /* LaunchScreen.storyboard */,
				014E107F213CA7A400F46992 /* Info.plist */,
			);
			path = "Hit Me";
			sourceTree = "<group>";
		};
/* End PBXGroup section */

/* Begin PBXNativeTarget section */
		014E106F213CA7A400F46992 /* Hit Me */ = {
			isa = PBXNativeTarget;
			buildConfigurationList = 014E1082213CA7A400F46992 /* Build configuration list for PBXNativeTarget "Hit Me" */;
			buildPhases = (
				014E106C213CA7A400F46992 /* Sources */,
				014E106D213CA7A400F46992 /* Frameworks */,
				014E106E213CA7A400F46992 /* Resources */,
			);
			buildRules = (
			);
			dependencies = (
			);
			name = "Hit Me";
			productName = "Hit Me";
			productReference = 014E1070213CA7A400F46992 /* Hit Me.app */;
			productType = "com.apple.product-type.application";
		};
/* End PBXNativeTarget section */

/* Begin PBXProject section */
		014E1068213CA7A400F46992 /* Project object */ = {
			isa = PBXProject;
			attributes = {
				LastSwiftUpdateCheck = 0920;
				LastUpgradeCheck = 0920;
				ORGANIZATIONNAME = A;
				TargetAttributes = {
					014E106F213CA7A400F46992 = {
						CreatedOnToolsVersion = 9.2;
						ProvisioningStyle = Automatic;
					};
				};
			};
			buildConfigurationList = 014E106B213CA7A400F46992 /* Build configuration list for PBXProject "Hit Me" */;
			compatibilityVersion = "Xcode 8.0";
			developmentRegion = en;
			hasScannedForEncodings = 0;
			knownRegions = (
				en,
				Base,
			);
			mainGroup = 014E1067213CA7A400F46992;
			productRefGroup = 014E1071213CA7A400F46992 /* Products */;
			projectDirPath = "";
			projectRoot = "";
			targets = (
				014E106F213CA7A400F46992 /* Hit Me */,
			);
		};
/* End PBXProject section */

/* Begin PBXResourcesBuildPhase section */
		014E106E213CA7A400F46992 /* Resources */ = {
			isa = PBXResourcesBuildPhase;
			buildActionMask = 2147483647;
			files = (
				014E107E213CA7A400F46992 /* LaunchScreen.storyboard in Resources */,
				014E107B213CA7A400F46992 /* Assets.xcassets in Resources */,
				014E1079213CA7A400F46992 /* Main.storyboard in Resources */,
			);
			runOnlyForDeploymentPostprocessing = 0;
		};
/* End PBXResourcesBuildPhase section */

/* Begin PBXSourcesBuildPhase section */
		014E106C213CA7A400F46992 /* Sources */ = {
			isa = PBXSourcesBuildPhase;
			buildActionMask = 2147483647;
			files = (
				0177BD4F218ED3C200045609 /* AboutViewController.swift in Sources */,
				014E1076213CA7A400F46992 /* ViewController.swift in Sources */,
				014E1074213CA7A400F46992 /* AppDelegate.swift in Sources */,
				013B19BE2190D88000BC7C73 /* AboutAuthorViewController.swift in Sources */,
			);
			runOnlyForDeploymentPostprocessing = 0;
		};
/* End PBXSourcesBuildPhase section */

/* Begin PBXVariantGroup section */
		014E1077213CA7A400F46992 /* Main.storyboard */ = {
			isa = PBXVariantGroup;
			children = (
				014E1078213CA7A400F46992 /* Base */,
			);
			name = Main.storyboard;
			sourceTree = "<group>";
		};
		014E107C213CA7A400F46992 /* LaunchScreen.storyboard */ = {
			isa = PBXVariantGroup;
			children = (
				014E107D213CA7A400F46992 /* Base */,
			);
			name = LaunchScreen.storyboard;
			sourceTree = "<group>";
		};
/* End PBXVariantGroup section */

/* Begin XCBuildConfiguration section */
		014E1080213CA7A400F46992 /* Debug */ = {
			isa = XCBuildConfiguration;
			buildSettings = {
				ALWAYS_SEARCH_USER_PATHS = NO;
				CLANG_ANALYZER_NONNULL = YES;
				CLANG_ANALYZER_NUMBER_OBJECT_CONVERSION = YES_AGGRESSIVE;
				CLANG_CXX_LANGUAGE_STANDARD = "gnu++14";
				CLANG_CXX_LIBRARY = "libc++";
				CLANG_ENABLE_MODULES = YES;
				CLANG_ENABLE_OBJC_ARC = YES;
				CLANG_WARN_BLOCK_CAPTURE_AUTORELEASING = YES;
				CLANG_WARN_BOOL_CONVERSION = YES;
				CLANG_WARN_COMMA = YES;
				CLANG_WARN_CONSTANT_CONVERSION = YES;
				CLANG_WARN_DIRECT_OBJC_ISA_USAGE = YES_ERROR;
				CLANG_WARN_DOCUMENTATION_COMMENTS = YES;
				CLANG_WARN_EMPTY_BODY = YES;
				CLANG_WARN_ENUM_CONVERSION = YES;
				CLANG_WARN_INFINITE_RECURSION = YES;
				CLANG_WARN_INT_CONVERSION = YES;
				CLANG_WARN_NON_LITERAL_NULL_CONVERSION = YES;
				CLANG_WARN_OBJC_LITERAL_CONVERSION = YES;
				CLANG_WARN_OBJC_ROOT_CLASS = YES_ERROR;
				CLANG_WARN_RANGE_LOOP_ANALYSIS = YES;
				CLANG_WARN_STRICT_PROTOTYPES = YES;
				CLANG_WARN_SUSPICIOUS_MOVE = YES;
				CLANG_WARN_UNGUARDED_AVAILABILITY = YES_AGGRESSIVE;
				CLANG_WARN_UNREACHABLE_CODE = YES;
				CLANG_WARN__DUPLICATE_METHOD_MATCH = YES;
				CODE_SIGN_IDENTITY = "iPhone Developer";
				COPY_PHASE_STRIP = NO;
				DEBUG_INFORMATION_FORMAT = dwarf;
				ENABLE_STRICT_OBJC_MSGSEND = YES;
				ENABLE_TESTABILITY = YES;
				GCC_C_LANGUAGE_STANDARD = gnu11;
				GCC_DYNAMIC_NO_PIC = NO;
				GCC_NO_COMMON_BLOCKS = YES;
				GCC_OPTIMIZATION_LEVEL = 0;
				GCC_PREPROCESSOR_DEFINITIONS = (
					"DEBUG=1",
					"$(inherited)",
				);
				GCC_WARN_64_TO_32_BIT_CONVERSION = YES;
				GCC_WARN_ABOUT_RETURN_TYPE = YES_ERROR;
				GCC_WARN_UNDECLARED_SELECTOR = YES;
				GCC_WARN_UNINITIALIZED_AUTOS = YES_AGGRESSIVE;
				GCC_WARN_UNUSED_FUNCTION = YES;
				GCC_WARN_UNUSED_VARIABLE = YES;
				IPHONEOS_DEPLOYMENT_TARGET = 11.2;
				MTL_ENABLE_DEBUG_INFO = YES;
				ONLY_ACTIVE_ARCH = YES;
				SDKROOT = iphoneos;
				SWIFT_ACTIVE_COMPILATION_CONDITIONS = DEBUG;
				SWIFT_OPTIMIZATION_LEVEL = "-Onone";
			};
			name = Debug;
		};
		014E1081213CA7A400F46992 /* Release */ = {
			isa = XCBuildConfiguration;
			buildSettings = {
				ALWAYS_SEARCH_USER_PATHS = NO;
				CLANG_ANALYZER_NONNULL = YES;
				CLANG_ANALYZER_NUMBER_OBJECT_CONVERSION = YES_AGGRESSIVE;
				CLANG_CXX_LANGUAGE_STANDARD = "gnu++14";
				CLANG_CXX_LIBRARY = "libc++";
				CLANG_ENABLE_MODULES = YES;
				CLANG_ENABLE_OBJC_ARC = YES;
				CLANG_WARN_BLOCK_CAPTURE_AUTORELEASING = YES;
				CLANG_WARN_BOOL_CONVERSION = YES;
				CLANG_WARN_COMMA = YES;
				CLANG_WARN_CONSTANT_CONVERSION = YES;
				CLANG_WARN_DIRECT_OBJC_ISA_USAGE = YES_ERROR;
				CLANG_WARN_DOCUMENTATION_COMMENTS = YES;
				CLANG_WARN_EMPTY_BODY = YES;
				CLANG_WARN_ENUM_CONVERSION = YES;
				CLANG_WARN_INFINITE_RECURSION = YES;
				CLANG_WARN_INT_CONVERSION = YES;
				CLANG_WARN_NON_LITERAL_NULL_CONVERSION = YES;
				CLANG_WARN_OBJC_LITERAL_CONVERSION = YES;
				CLANG_WARN_OBJC_ROOT_CLASS = YES_ERROR;
				CLANG_WARN_RANGE_LOOP_ANALYSIS = YES;
				CLANG_WARN_STRICT_PROTOTYPES = YES;
				CLANG_WARN_SUSPICIOUS_MOVE = YES;
				CLANG_WARN_UNGUARDED_AVAILABILITY = YES_AGGRESSIVE;
				CLANG_WARN_UNREACHABLE_CODE = YES;
				CLANG_WARN__DUPLICATE_METHOD_MATCH = YES;
				CODE_SIGN_IDENTITY = "iPhone Developer";
				COPY_PHASE_STRIP = NO;
				DEBUG_INFORMATION_FORMAT = "dwarf-with-dsym";
				ENABLE_NS_ASSERTIONS = NO;
				ENABLE_STRICT_OBJC_MSGSEND = YES;
				GCC_C_LANGUAGE_STANDARD = gnu11;
				GCC_NO_COMMON_BLOCKS = YES;
				GCC_WARN_64_TO_32_BIT_CONVERSION = YES;
				GCC_WARN_ABOUT_RETURN_TYPE = YES_ERROR;
				GCC_WARN_UNDECLARED_SELECTOR = YES;
				GCC_WARN_UNINITIALIZED_AUTOS = YES_AGGRESSIVE;
				GCC_WARN_UNUSED_FUNCTION = YES;
				GCC_WARN_UNUSED_VARIABLE = YES;
				IPHONEOS_DEPLOYMENT_TARGET = 11.2;
				MTL_ENABLE_DEBUG_INFO = NO;
				SDKROOT = iphoneos;
				SWIFT_OPTIMIZATION_LEVEL = "-Owholemodule";
				VALIDATE_PRODUCT = YES;
			};
			name = Release;
		};
		014E1083213CA7A400F46992 /* Debug */ = {
			isa = XCBuildConfiguration;
			buildSettings = {
				ASSETCATALOG_COMPILER_APPICON_NAME = AppIcon;
				CODE_SIGN_STYLE = Automatic;
				INFOPLIST_FILE = "Hit Me/Info.plist";
				LD_RUNPATH_SEARCH_PATHS = "$(inherited) @executable_path/Frameworks";
				PRODUCT_BUNDLE_IDENTIFIER = "com.guccinana.Hit-Me";
				PRODUCT_NAME = "$(TARGET_NAME)";
				SWIFT_VERSION = 4.0;
				TARGETED_DEVICE_FAMILY = "1,2";
			};
			name = Debug;
		};
		014E1084213CA7A400F46992 /* Release */ = {
			isa = XCBuildConfiguration;
			buildSettings = {
				ASSETCATALOG_COMPILER_APPICON_NAME = AppIcon;
				CODE_SIGN_STYLE = Automatic;
				INFOPLIST_FILE = "Hit Me/Info.plist";
				LD_RUNPATH_SEARCH_PATHS = "$(inherited) @executable_path/Frameworks";
				PRODUCT_BUNDLE_IDENTIFIER = "com.guccinana.Hit-Me";
				PRODUCT_NAME = "$(TARGET_NAME)";
				SWIFT_VERSION = 4.0;
				TARGETED_DEVICE_FAMILY = "1,2";
			};
			name = Release;
		};
/* End XCBuildConfiguration section */

/* Begin XCConfigurationList section */
		014E106B213CA7A400F46992 /* Build configuration list for PBXProject "Hit Me" */ = {
			isa = XCConfigurationList;
			buildConfigurations = (
				014E1080213CA7A400F46992 /* Debug */,
				014E1081213CA7A400F46992 /* Release */,
			);
			defaultConfigurationIsVisible = 0;
			defaultConfigurationName = Release;
		};
		014E1082213CA7A400F46992 /* Build configuration list for PBXNativeTarget "Hit Me" */ = {
			isa = XCConfigurationList;
			buildConfigurations = (
				014E1083213CA7A400F46992 /* Debug */,
				014E1084213CA7A400F46992 /* Release */,
			);
			defaultConfigurationIsVisible = 0;
			defaultConfigurationName = Release;
		};
/* End XCConfigurationList section */
	};
	rootObject = 014E1068213CA7A400F46992 /* Project object */;
}
